
Microsoft Visual Studio Solution File, Format Version 12.00
# Visual Studio Version 17
VisualStudioVersion = 17.2.32616.157
MinimumVisualStudioVersion = 10.0.40219.1
Project("{9A19103F-16F7-4668-BE54-9A1E7A4F7556}") = "CPP_Metrics", "CPP_Metrics\CPP_Metrics.csproj", "{E46640CD-0940-4928-9DD2-851016630E85}"
	ProjectSection(ProjectDependencies) = postProject
		{45D3FF4B-7E5B-4C83-9501-441A86A64B0D} = {45D3FF4B-7E5B-4C83-9501-441A86A64B0D}
	EndProjectSection
EndProject
Project("{9A19103F-16F7-4668-BE54-9A1E7A4F7556}") = "ANTLR4Tools", "ANTLR4Tools\ANTLR4Tools.csproj", "{45D3FF4B-7E5B-4C83-9501-441A86A64B0D}"
EndProject
Project("{9A19103F-16F7-4668-BE54-9A1E7A4F7556}") = "CPP_Metrics.Tests", "CPP_Metrics.Tests\CPP_Metrics.Tests.csproj", "{0864BA70-45D7-41F4-BB8B-EB41D9492A85}"
EndProject
Project("{2150E333-8FDC-42A3-9474-1A3956D46DE8}") = "Элементы решения", "Элементы решения", "{2FBE8BC2-F902-4770-BEE3-803191E3BF0A}"
EndProject
Global
	GlobalSection(SolutionConfigurationPlatforms) = preSolution
		Debug|Any CPU = Debug|Any CPU
		Release|Any CPU = Release|Any CPU
	EndGlobalSection
	GlobalSection(ProjectConfigurationPlatforms) = postSolution
		{E46640CD-0940-4928-9DD2-851016630E85}.Debug|Any CPU.ActiveCfg = Debug|Any CPU
		{E46640CD-0940-4928-9DD2-851016630E85}.Debug|Any CPU.Build.0 = Debug|Any CPU
		{E46640CD-0940-4928-9DD2-851016630E85}.Release|Any CPU.ActiveCfg = Release|Any CPU
		{E46640CD-0940-4928-9DD2-851016630E85}.Release|Any CPU.Build.0 = Release|Any CPU
		{45D3FF4B-7E5B-4C83-9501-441A86A64B0D}.Debug|Any CPU.ActiveCfg = Debug|Any CPU
		{45D3FF4B-7E5B-4C83-9501-441A86A64B0D}.Debug|Any CPU.Build.0 = Debug|Any CPU
		{45D3FF4B-7E5B-4C83-9501-441A86A64B0D}.Release|Any CPU.ActiveCfg = Release|Any CPU
		{45D3FF4B-7E5B-4C83-9501-441A86A64B0D}.Release|Any CPU.Build.0 = Release|Any CPU
		{0864BA70-45D7-41F4-BB8B-EB41D9492A85}.Debug|Any CPU.ActiveCfg = Debug|Any CPU
		{0864BA70-45D7-41F4-BB8B-EB41D9492A85}.Debug|Any CPU.Build.0 = Debug|Any CPU
		{0864BA70-45D7-41F4-BB8B-EB41D9492A85}.Release|Any CPU.ActiveCfg = Release|Any CPU
		{0864BA70-45D7-41F4-BB8B-EB41D9492A85}.Release|Any CPU.Build.0 = Release|Any CPU
	EndGlobalSection
	GlobalSection(SolutionProperties) = preSolution
		HideSolutionNode = FALSE
	EndGlobalSection
	GlobalSection(ExtensibilityGlobals) = postSolution
		SolutionGuid = {67800AA8-2480-49A5-B536-AB64DF0943A2}
	EndGlobalSection
EndGlobal
